
Microsoft Visual Studio Solution File, Format Version 12.00
# Visual Studio 15
VisualStudioVersion = 15.0.27004.2005
MinimumVisualStudioVersion = 10.0.40219.1
Project("{FAE04EC0-301F-11D3-BF4B-00C04F79EFBC}") = "HangMan", "HangMan\HangMan.csproj", "{D42A2951-5A3E-4BFB-8D93-AC824CFDF73F}"
EndProject
Global
	GlobalSection(SolutionConfigurationPlatforms) = preSolution
		Debug|Any CPU = Debug|Any CPU
		Release|Any CPU = Release|Any CPU
	EndGlobalSection
	GlobalSection(ProjectConfigurationPlatforms) = postSolution
		{D42A2951-5A3E-4BFB-8D93-AC824CFDF73F}.Debug|Any CPU.ActiveCfg = Debug|Any CPU
		{D42A2951-5A3E-4BFB-8D93-AC824CFDF73F}.Debug|Any CPU.Build.0 = Debug|Any CPU
		{D42A2951-5A3E-4BFB-8D93-AC824CFDF73F}.Release|Any CPU.ActiveCfg = Release|Any CPU
		{D42A2951-5A3E-4BFB-8D93-AC824CFDF73F}.Release|Any CPU.Build.0 = Release|Any CPU
	EndGlobalSection
	GlobalSection(SolutionProperties) = preSolution
		HideSolutionNode = FALSE
	EndGlobalSection
	GlobalSection(ExtensibilityGlobals) = postSolution
		SolutionGuid = {50D53DA3-6EEB-4867-AB31-A46793783F39}
	EndGlobalSection
EndGlobal
