
Microsoft Visual Studio Solution File, Format Version 12.00
# Visual Studio 15
VisualStudioVersion = 15.0.27004.2005
MinimumVisualStudioVersion = 10.0.40219.1
Project("{FAE04EC0-301F-11D3-BF4B-00C04F79EFBC}") = "MeningsKonverterare", "MeningsKonverterare\MeningsKonverterare.csproj", "{46FF1463-9BEE-4AE0-9F37-91C9C604FDA9}"
EndProject
Global
	GlobalSection(SolutionConfigurationPlatforms) = preSolution
		Debug|Any CPU = Debug|Any CPU
		Release|Any CPU = Release|Any CPU
	EndGlobalSection
	GlobalSection(ProjectConfigurationPlatforms) = postSolution
		{46FF1463-9BEE-4AE0-9F37-91C9C604FDA9}.Debug|Any CPU.ActiveCfg = Debug|Any CPU
		{46FF1463-9BEE-4AE0-9F37-91C9C604FDA9}.Debug|Any CPU.Build.0 = Debug|Any CPU
		{46FF1463-9BEE-4AE0-9F37-91C9C604FDA9}.Release|Any CPU.ActiveCfg = Release|Any CPU
		{46FF1463-9BEE-4AE0-9F37-91C9C604FDA9}.Release|Any CPU.Build.0 = Release|Any CPU
	EndGlobalSection
	GlobalSection(SolutionProperties) = preSolution
		HideSolutionNode = FALSE
	EndGlobalSection
	GlobalSection(ExtensibilityGlobals) = postSolution
		SolutionGuid = {6CA97526-E3AC-450C-8EBB-F1DF7A691B22}
	EndGlobalSection
EndGlobal
